
Microsoft Visual Studio Solution File, Format Version 12.00
# Visual Studio Version 17
VisualStudioVersion = 17.0.31903.59
MinimumVisualStudioVersion = 10.0.40219.1
Project("{2150E333-8FDC-42A3-9474-1A3956D46DE8}") = "libs", "libs", "{6C4D298B-81FB-2B6B-5AB6-46205EDDC72C}"
EndProject
Project("{FAE04EC0-301F-11D3-BF4B-00C04F79EFBC}") = "Kozmo.Contracts", "libs\Kozmo.Contracts\Kozmo.Contracts.csproj", "{36191A6A-0AD6-49BE-BB50-2C80B87E9E2E}"
EndProject
Project("{FAE04EC0-301F-11D3-BF4B-00C04F79EFBC}") = "Kozmo.Platform", "libs\Kozmo.Platform\Kozmo.Platform.csproj", "{D28F9F8A-5AC4-44F9-9424-11712217A689}"
EndProject
Project("{FAE04EC0-301F-11D3-BF4B-00C04F79EFBC}") = "Kozmo.Bus", "libs\Kozmo.Bus\Kozmo.Bus.csproj", "{DF9FF198-0B58-4C5C-8A94-C1E98CEA505D}"
EndProject
Project("{FAE04EC0-301F-11D3-BF4B-00C04F79EFBC}") = "Kozmo.Llm", "libs\Kozmo.Llm\Kozmo.Llm.csproj", "{3F3D4CAD-6D7C-4585-A3F1-405C0DE945F2}"
EndProject
Project("{FAE04EC0-301F-11D3-BF4B-00C04F79EFBC}") = "Kozmo.Llm.OpenAi", "libs\Kozmo.Llm.OpenAi\Kozmo.Llm.OpenAi.csproj", "{A3B5C7D9-E1F3-4A5B-8C7D-9E1F3A5B8C7D}"
EndProject
Project("{FAE04EC0-301F-11D3-BF4B-00C04F79EFBC}") = "Kozmo.Identity", "libs\Kozmo.Identity\Kozmo.Identity.csproj", "{51EAF68E-3552-467C-B122-FA04FC0AF0E0}"
EndProject
Project("{2150E333-8FDC-42A3-9474-1A3956D46DE8}") = "subsystems", "subsystems", "{C6707479-964D-3CA6-C06D-6FC23C6DD9A5}"
EndProject
Project("{2150E333-8FDC-42A3-9474-1A3956D46DE8}") = "interpretation-inference", "interpretation-inference", "{04713F87-50E6-B26B-72B9-1D9453315D0F}"
EndProject
Project("{2150E333-8FDC-42A3-9474-1A3956D46DE8}") = "dotnet", "dotnet", "{B90B0AEF-71D1-AC40-5C0F-95F6E3F1EA57}"
EndProject
Project("{FAE04EC0-301F-11D3-BF4B-00C04F79EFBC}") = "Ii.Contracts", "subsystems\interpretation-inference\dotnet\Ii.Contracts\Ii.Contracts.csproj", "{ED2AEFD3-AD60-4611-A79F-D9F97B6B305A}"
EndProject
Project("{FAE04EC0-301F-11D3-BF4B-00C04F79EFBC}") = "Ii.Observation", "subsystems\interpretation-inference\dotnet\Ii.Observation\Ii.Observation.csproj", "{6ACE014C-9B50-4D07-89F9-8FE76DF3C020}"
EndProject
Project("{FAE04EC0-301F-11D3-BF4B-00C04F79EFBC}") = "Ii.Rubric", "subsystems\interpretation-inference\dotnet\Ii.Rubric\Ii.Rubric.csproj", "{A1F2267B-4464-4B9C-BD25-5C5572E2BC8D}"
EndProject
Project("{FAE04EC0-301F-11D3-BF4B-00C04F79EFBC}") = "Ii.Index", "subsystems\interpretation-inference\dotnet\Ii.Index\Ii.Index.csproj", "{41F9674C-607E-4F9D-B426-FAFC052F067E}"
EndProject
Project("{FAE04EC0-301F-11D3-BF4B-00C04F79EFBC}") = "Ii.Posture", "subsystems\interpretation-inference\dotnet\Ii.Posture\Ii.Posture.csproj", "{5A0F0582-6655-465D-842E-C2A36B14BE89}"
EndProject
Project("{FAE04EC0-301F-11D3-BF4B-00C04F79EFBC}") = "Ii.Decay", "subsystems\interpretation-inference\dotnet\Ii.Decay\Ii.Decay.csproj", "{0FECDE51-2288-4AB8-B630-3378B28F5231}"
EndProject
Project("{FAE04EC0-301F-11D3-BF4B-00C04F79EFBC}") = "Ii.Spine", "subsystems\interpretation-inference\dotnet\Ii.Spine\Ii.Spine.csproj", "{ED254593-54C8-4DF4-8E84-BC85D62D97E7}"
EndProject
Project("{FAE04EC0-301F-11D3-BF4B-00C04F79EFBC}") = "Ii.Fakes", "subsystems\interpretation-inference\dotnet\Ii.Fakes\Ii.Fakes.csproj", "{EBD751E3-1C6D-48A0-AB9A-821644BDBD60}"
EndProject
Project("{FAE04EC0-301F-11D3-BF4B-00C04F79EFBC}") = "Ii.Tests", "subsystems\interpretation-inference\dotnet\Ii.Tests\Ii.Tests.csproj", "{03B85F16-2E2D-413A-983A-EAAD55DF18ED}"
EndProject
Project("{FAE04EC0-301F-11D3-BF4B-00C04F79EFBC}") = "Ii.Intake", "subsystems\interpretation-inference\dotnet\Ii.Intake\Ii.Intake.csproj", "{E1F2A3B4-C5D6-7890-E1F2-A3B4C5D67890}"
EndProject
Project("{FAE04EC0-301F-11D3-BF4B-00C04F79EFBC}") = "Ii.CandidateExtraction", "subsystems\interpretation-inference\dotnet\Ii.CandidateExtraction\Ii.CandidateExtraction.csproj", "{F3000001-0000-0000-0000-000000000001}"
EndProject
Project("{FAE04EC0-301F-11D3-BF4B-00C04F79EFBC}") = "Ii.Completeness", "subsystems\interpretation-inference\dotnet\Ii.Completeness\Ii.Completeness.csproj", "{C5000001-0000-0000-0000-000000000001}"
EndProject
Project("{FAE04EC0-301F-11D3-BF4B-00C04F79EFBC}") = "Ii.Completeness.Tests", "subsystems\interpretation-inference\dotnet\Ii.Completeness.Tests\Ii.Completeness.Tests.csproj", "{C5000002-0000-0000-0000-000000000002}"
EndProject
Project("{2150E333-8FDC-42A3-9474-1A3956D46DE8}") = "knowledge-memory", "knowledge-memory", "{0F27FF2F-0616-CB31-E080-DC5F0B9AC3B6}"
EndProject
Project("{2150E333-8FDC-42A3-9474-1A3956D46DE8}") = "dotnet", "dotnet", "{D06746EB-E388-9B4B-9083-DAF3B67BDBF9}"
EndProject
Project("{FAE04EC0-301F-11D3-BF4B-00C04F79EFBC}") = "Km.Store", "subsystems\knowledge-memory\dotnet\Km.Store\Km.Store.csproj", "{4A28E49B-FBDA-4BE8-A43C-2FEC39A42B46}"
EndProject
Project("{2150E333-8FDC-42A3-9474-1A3956D46DE8}") = "tests", "tests", "{A9C1E3F5-7B2D-4A6C-8E0F-1B3D5E7A9C0F}"
EndProject
Project("{FAE04EC0-301F-11D3-BF4B-00C04F79EFBC}") = "Kozmo.Architecture.Tests", "tests\Kozmo.Architecture.Tests\Kozmo.Architecture.Tests.csproj", "{B7D29E4F-3A51-4C8B-9E1D-6F2A5C7B8D0E}"
EndProject
Project("{FAE04EC0-301F-11D3-BF4B-00C04F79EFBC}") = "Kozmo.Llm.Tests", "tests\Kozmo.Llm.Tests\Kozmo.Llm.Tests.csproj", "{B2C4D6E8-F0A2-4B6C-8D0E-2F4A6B8C0D2E}"
EndProject
Project("{FAE04EC0-301F-11D3-BF4B-00C04F79EFBC}") = "Kozmo.VendorFile.Tests", "tests\Kozmo.VendorFile.Tests\Kozmo.VendorFile.Tests.csproj", "{F1E2D3C4-B5A6-7890-F1E2-D3C4B5A67890}"
EndProject
Project("{2150E333-8FDC-42A3-9474-1A3956D46DE8}") = "host", "host", "{C1000001-0000-0000-0000-000000000001}"
EndProject
Project("{FAE04EC0-301F-11D3-BF4B-00C04F79EFBC}") = "Kozmo.Api", "host\dotnet\Kozmo.Api\Kozmo.Api.csproj", "{C1000002-0000-0000-0000-000000000002}"
EndProject
Project("{FAE04EC0-301F-11D3-BF4B-00C04F79EFBC}") = "Kozmo.Api.Tests", "host\dotnet\Kozmo.Api.Tests\Kozmo.Api.Tests.csproj", "{C1000003-0000-0000-0000-000000000003}"
EndProject
Project("{2150E333-8FDC-42A3-9474-1A3956D46DE8}") = "tools", "tools", "{F3A4B5C6-D7E8-9012-F3A4-B5C6D7E89012}"
EndProject
Project("{FAE04EC0-301F-11D3-BF4B-00C04F79EFBC}") = "Kozmo.SeedPrep", "tools\Kozmo.SeedPrep\Kozmo.SeedPrep.csproj", "{D1E2F3A4-B5C6-7890-D1E2-F3A4B5C67890}"
EndProject
Project("{FAE04EC0-301F-11D3-BF4B-00C04F79EFBC}") = "Kyv.CandidateRecorder", "tools\Kyv.CandidateRecorder\Kyv.CandidateRecorder.csproj", "{D2000001-0000-0000-0000-000000000001}"
EndProject
Project("{FAE04EC0-301F-11D3-BF4B-00C04F79EFBC}") = "Kozmo.CompletenessRecorder", "tools\Kozmo.CompletenessRecorder\Kozmo.CompletenessRecorder.csproj", "{D3000001-0000-0000-0000-000000000001}"
EndProject
Project("{FAE04EC0-301F-11D3-BF4B-00C04F79EFBC}") = "Kyv.BeliefRecorder", "tools\Kyv.BeliefRecorder\Kyv.BeliefRecorder.csproj", "{D4000001-0000-0000-0000-000000000001}"
EndProject
Project("{2150E333-8FDC-42A3-9474-1A3956D46DE8}") = "identity-governance", "identity-governance", "{E2000001-0000-0000-0000-000000000001}"
EndProject
Project("{2150E333-8FDC-42A3-9474-1A3956D46DE8}") = "dotnet", "dotnet", "{E2000002-0000-0000-0000-000000000002}"
EndProject
Project("{FAE04EC0-301F-11D3-BF4B-00C04F79EFBC}") = "Ig.Contracts", "subsystems\identity-governance\dotnet\Ig.Contracts\Ig.Contracts.csproj", "{E2000003-0000-0000-0000-000000000003}"
EndProject
Project("{FAE04EC0-301F-11D3-BF4B-00C04F79EFBC}") = "Ig.Resolution", "subsystems\identity-governance\dotnet\Ig.Resolution\Ig.Resolution.csproj", "{E2000004-0000-0000-0000-000000000004}"
EndProject
Project("{FAE04EC0-301F-11D3-BF4B-00C04F79EFBC}") = "Ig.Tests", "subsystems\identity-governance\dotnet\Ig.Tests\Ig.Tests.csproj", "{E2000005-0000-0000-0000-000000000005}"
EndProject
Project("{2150E333-8FDC-42A3-9474-1A3956D46DE8}") = "workflow-coordination", "workflow-coordination", "{E3000001-0000-0000-0000-000000000001}"
EndProject
Project("{2150E333-8FDC-42A3-9474-1A3956D46DE8}") = "dotnet", "dotnet", "{E3000002-0000-0000-0000-000000000002}"
EndProject
Project("{FAE04EC0-301F-11D3-BF4B-00C04F79EFBC}") = "Wc.Contracts", "subsystems\workflow-coordination\dotnet\Wc.Contracts\Wc.Contracts.csproj", "{E3000003-0000-0000-0000-000000000003}"
EndProject
Project("{FAE04EC0-301F-11D3-BF4B-00C04F79EFBC}") = "Wc.CheckIn", "subsystems\workflow-coordination\dotnet\Wc.CheckIn\Wc.CheckIn.csproj", "{E3000004-0000-0000-0000-000000000004}"
EndProject
Project("{FAE04EC0-301F-11D3-BF4B-00C04F79EFBC}") = "Wc.Tests", "subsystems\workflow-coordination\dotnet\Wc.Tests\Wc.Tests.csproj", "{E3000005-0000-0000-0000-000000000005}"
EndProject
Project("{2150E333-8FDC-42A3-9474-1A3956D46DE8}") = "operations", "operations", "{F4000001-0000-0000-0000-000000000001}"
EndProject
Project("{2150E333-8FDC-42A3-9474-1A3956D46DE8}") = "dotnet", "dotnet", "{F4000002-0000-0000-0000-000000000002}"
EndProject
Project("{FAE04EC0-301F-11D3-BF4B-00C04F79EFBC}") = "Kyv.ProgramRunner", "subsystems\operations\dotnet\Kyv.ProgramRunner\Kyv.ProgramRunner.csproj", "{F4000003-0000-0000-0000-000000000003}"
EndProject
Project("{FAE04EC0-301F-11D3-BF4B-00C04F79EFBC}") = "Kyv.ProgramRunner.Tests", "subsystems\operations\dotnet\Kyv.ProgramRunner.Tests\Kyv.ProgramRunner.Tests.csproj", "{F4000004-0000-0000-0000-000000000004}"
EndProject
Project("{FAE04EC0-301F-11D3-BF4B-00C04F79EFBC}") = "Kozmo.Connector.GoogleDrive", "libs\Kozmo.Connector.GoogleDrive\Kozmo.Connector.GoogleDrive.csproj", "{EC73EB1E-DBEB-4288-90A7-F7F2232725C5}"
EndProject
Global
	GlobalSection(SolutionConfigurationPlatforms) = preSolution
		Debug|Any CPU = Debug|Any CPU
		Debug|x64 = Debug|x64
		Debug|x86 = Debug|x86
		Release|Any CPU = Release|Any CPU
		Release|x64 = Release|x64
		Release|x86 = Release|x86
	EndGlobalSection
	GlobalSection(ProjectConfigurationPlatforms) = postSolution
		{36191A6A-0AD6-49BE-BB50-2C80B87E9E2E}.Debug|Any CPU.ActiveCfg = Debug|Any CPU
		{36191A6A-0AD6-49BE-BB50-2C80B87E9E2E}.Debug|Any CPU.Build.0 = Debug|Any CPU
		{36191A6A-0AD6-49BE-BB50-2C80B87E9E2E}.Debug|x64.ActiveCfg = Debug|Any CPU
		{36191A6A-0AD6-49BE-BB50-2C80B87E9E2E}.Debug|x64.Build.0 = Debug|Any CPU
		{36191A6A-0AD6-49BE-BB50-2C80B87E9E2E}.Debug|x86.ActiveCfg = Debug|Any CPU
		{36191A6A-0AD6-49BE-BB50-2C80B87E9E2E}.Debug|x86.Build.0 = Debug|Any CPU
		{36191A6A-0AD6-49BE-BB50-2C80B87E9E2E}.Release|Any CPU.ActiveCfg = Release|Any CPU
		{36191A6A-0AD6-49BE-BB50-2C80B87E9E2E}.Release|Any CPU.Build.0 = Release|Any CPU
		{36191A6A-0AD6-49BE-BB50-2C80B87E9E2E}.Release|x64.ActiveCfg = Release|Any CPU
		{36191A6A-0AD6-49BE-BB50-2C80B87E9E2E}.Release|x64.Build.0 = Release|Any CPU
		{36191A6A-0AD6-49BE-BB50-2C80B87E9E2E}.Release|x86.ActiveCfg = Release|Any CPU
		{36191A6A-0AD6-49BE-BB50-2C80B87E9E2E}.Release|x86.Build.0 = Release|Any CPU
		{D28F9F8A-5AC4-44F9-9424-11712217A689}.Debug|Any CPU.ActiveCfg = Debug|Any CPU
		{D28F9F8A-5AC4-44F9-9424-11712217A689}.Debug|Any CPU.Build.0 = Debug|Any CPU
		{D28F9F8A-5AC4-44F9-9424-11712217A689}.Debug|x64.ActiveCfg = Debug|Any CPU
		{D28F9F8A-5AC4-44F9-9424-11712217A689}.Debug|x64.Build.0 = Debug|Any CPU
		{D28F9F8A-5AC4-44F9-9424-11712217A689}.Debug|x86.ActiveCfg = Debug|Any CPU
		{D28F9F8A-5AC4-44F9-9424-11712217A689}.Debug|x86.Build.0 = Debug|Any CPU
		{D28F9F8A-5AC4-44F9-9424-11712217A689}.Release|Any CPU.ActiveCfg = Release|Any CPU
		{D28F9F8A-5AC4-44F9-9424-11712217A689}.Release|Any CPU.Build.0 = Release|Any CPU
		{D28F9F8A-5AC4-44F9-9424-11712217A689}.Release|x64.ActiveCfg = Release|Any CPU
		{D28F9F8A-5AC4-44F9-9424-11712217A689}.Release|x64.Build.0 = Release|Any CPU
		{D28F9F8A-5AC4-44F9-9424-11712217A689}.Release|x86.ActiveCfg = Release|Any CPU
		{D28F9F8A-5AC4-44F9-9424-11712217A689}.Release|x86.Build.0 = Release|Any CPU
		{DF9FF198-0B58-4C5C-8A94-C1E98CEA505D}.Debug|Any CPU.ActiveCfg = Debug|Any CPU
		{DF9FF198-0B58-4C5C-8A94-C1E98CEA505D}.Debug|Any CPU.Build.0 = Debug|Any CPU
		{DF9FF198-0B58-4C5C-8A94-C1E98CEA505D}.Debug|x64.ActiveCfg = Debug|Any CPU
		{DF9FF198-0B58-4C5C-8A94-C1E98CEA505D}.Debug|x64.Build.0 = Debug|Any CPU
		{DF9FF198-0B58-4C5C-8A94-C1E98CEA505D}.Debug|x86.ActiveCfg = Debug|Any CPU
		{DF9FF198-0B58-4C5C-8A94-C1E98CEA505D}.Debug|x86.Build.0 = Debug|Any CPU
		{DF9FF198-0B58-4C5C-8A94-C1E98CEA505D}.Release|Any CPU.ActiveCfg = Release|Any CPU
		{DF9FF198-0B58-4C5C-8A94-C1E98CEA505D}.Release|Any CPU.Build.0 = Release|Any CPU
		{DF9FF198-0B58-4C5C-8A94-C1E98CEA505D}.Release|x64.ActiveCfg = Release|Any CPU
		{DF9FF198-0B58-4C5C-8A94-C1E98CEA505D}.Release|x64.Build.0 = Release|Any CPU
		{DF9FF198-0B58-4C5C-8A94-C1E98CEA505D}.Release|x86.ActiveCfg = Release|Any CPU
		{DF9FF198-0B58-4C5C-8A94-C1E98CEA505D}.Release|x86.Build.0 = Release|Any CPU
		{3F3D4CAD-6D7C-4585-A3F1-405C0DE945F2}.Debug|Any CPU.ActiveCfg = Debug|Any CPU
		{3F3D4CAD-6D7C-4585-A3F1-405C0DE945F2}.Debug|Any CPU.Build.0 = Debug|Any CPU
		{3F3D4CAD-6D7C-4585-A3F1-405C0DE945F2}.Debug|x64.ActiveCfg = Debug|Any CPU
		{3F3D4CAD-6D7C-4585-A3F1-405C0DE945F2}.Debug|x64.Build.0 = Debug|Any CPU
		{3F3D4CAD-6D7C-4585-A3F1-405C0DE945F2}.Debug|x86.ActiveCfg = Debug|Any CPU
		{3F3D4CAD-6D7C-4585-A3F1-405C0DE945F2}.Debug|x86.Build.0 = Debug|Any CPU
		{3F3D4CAD-6D7C-4585-A3F1-405C0DE945F2}.Release|Any CPU.ActiveCfg = Release|Any CPU
		{3F3D4CAD-6D7C-4585-A3F1-405C0DE945F2}.Release|Any CPU.Build.0 = Release|Any CPU
		{3F3D4CAD-6D7C-4585-A3F1-405C0DE945F2}.Release|x64.ActiveCfg = Release|Any CPU
		{3F3D4CAD-6D7C-4585-A3F1-405C0DE945F2}.Release|x64.Build.0 = Release|Any CPU
		{3F3D4CAD-6D7C-4585-A3F1-405C0DE945F2}.Release|x86.ActiveCfg = Release|Any CPU
		{3F3D4CAD-6D7C-4585-A3F1-405C0DE945F2}.Release|x86.Build.0 = Release|Any CPU
		{A3B5C7D9-E1F3-4A5B-8C7D-9E1F3A5B8C7D}.Debug|Any CPU.ActiveCfg = Debug|Any CPU
		{A3B5C7D9-E1F3-4A5B-8C7D-9E1F3A5B8C7D}.Debug|Any CPU.Build.0 = Debug|Any CPU
		{A3B5C7D9-E1F3-4A5B-8C7D-9E1F3A5B8C7D}.Debug|x64.ActiveCfg = Debug|Any CPU
		{A3B5C7D9-E1F3-4A5B-8C7D-9E1F3A5B8C7D}.Debug|x64.Build.0 = Debug|Any CPU
		{A3B5C7D9-E1F3-4A5B-8C7D-9E1F3A5B8C7D}.Debug|x86.ActiveCfg = Debug|Any CPU
		{A3B5C7D9-E1F3-4A5B-8C7D-9E1F3A5B8C7D}.Debug|x86.Build.0 = Debug|Any CPU
		{A3B5C7D9-E1F3-4A5B-8C7D-9E1F3A5B8C7D}.Release|Any CPU.ActiveCfg = Release|Any CPU
		{A3B5C7D9-E1F3-4A5B-8C7D-9E1F3A5B8C7D}.Release|Any CPU.Build.0 = Release|Any CPU
		{A3B5C7D9-E1F3-4A5B-8C7D-9E1F3A5B8C7D}.Release|x64.ActiveCfg = Release|Any CPU
		{A3B5C7D9-E1F3-4A5B-8C7D-9E1F3A5B8C7D}.Release|x64.Build.0 = Release|Any CPU
		{A3B5C7D9-E1F3-4A5B-8C7D-9E1F3A5B8C7D}.Release|x86.ActiveCfg = Release|Any CPU
		{A3B5C7D9-E1F3-4A5B-8C7D-9E1F3A5B8C7D}.Release|x86.Build.0 = Release|Any CPU
		{51EAF68E-3552-467C-B122-FA04FC0AF0E0}.Debug|Any CPU.ActiveCfg = Debug|Any CPU
		{51EAF68E-3552-467C-B122-FA04FC0AF0E0}.Debug|Any CPU.Build.0 = Debug|Any CPU
		{51EAF68E-3552-467C-B122-FA04FC0AF0E0}.Debug|x64.ActiveCfg = Debug|Any CPU
		{51EAF68E-3552-467C-B122-FA04FC0AF0E0}.Debug|x64.Build.0 = Debug|Any CPU
		{51EAF68E-3552-467C-B122-FA04FC0AF0E0}.Debug|x86.ActiveCfg = Debug|Any CPU
		{51EAF68E-3552-467C-B122-FA04FC0AF0E0}.Debug|x86.Build.0 = Debug|Any CPU
		{51EAF68E-3552-467C-B122-FA04FC0AF0E0}.Release|Any CPU.ActiveCfg = Release|Any CPU
		{51EAF68E-3552-467C-B122-FA04FC0AF0E0}.Release|Any CPU.Build.0 = Release|Any CPU
		{51EAF68E-3552-467C-B122-FA04FC0AF0E0}.Release|x64.ActiveCfg = Release|Any CPU
		{51EAF68E-3552-467C-B122-FA04FC0AF0E0}.Release|x64.Build.0 = Release|Any CPU
		{51EAF68E-3552-467C-B122-FA04FC0AF0E0}.Release|x86.ActiveCfg = Release|Any CPU
		{51EAF68E-3552-467C-B122-FA04FC0AF0E0}.Release|x86.Build.0 = Release|Any CPU
		{ED2AEFD3-AD60-4611-A79F-D9F97B6B305A}.Debug|Any CPU.ActiveCfg = Debug|Any CPU
		{ED2AEFD3-AD60-4611-A79F-D9F97B6B305A}.Debug|Any CPU.Build.0 = Debug|Any CPU
		{ED2AEFD3-AD60-4611-A79F-D9F97B6B305A}.Debug|x64.ActiveCfg = Debug|Any CPU
		{ED2AEFD3-AD60-4611-A79F-D9F97B6B305A}.Debug|x64.Build.0 = Debug|Any CPU
		{ED2AEFD3-AD60-4611-A79F-D9F97B6B305A}.Debug|x86.ActiveCfg = Debug|Any CPU
		{ED2AEFD3-AD60-4611-A79F-D9F97B6B305A}.Debug|x86.Build.0 = Debug|Any CPU
		{ED2AEFD3-AD60-4611-A79F-D9F97B6B305A}.Release|Any CPU.ActiveCfg = Release|Any CPU
		{ED2AEFD3-AD60-4611-A79F-D9F97B6B305A}.Release|Any CPU.Build.0 = Release|Any CPU
		{ED2AEFD3-AD60-4611-A79F-D9F97B6B305A}.Release|x64.ActiveCfg = Release|Any CPU
		{ED2AEFD3-AD60-4611-A79F-D9F97B6B305A}.Release|x64.Build.0 = Release|Any CPU
		{ED2AEFD3-AD60-4611-A79F-D9F97B6B305A}.Release|x86.ActiveCfg = Release|Any CPU
		{ED2AEFD3-AD60-4611-A79F-D9F97B6B305A}.Release|x86.Build.0 = Release|Any CPU
		{6ACE014C-9B50-4D07-89F9-8FE76DF3C020}.Debug|Any CPU.ActiveCfg = Debug|Any CPU
		{6ACE014C-9B50-4D07-89F9-8FE76DF3C020}.Debug|Any CPU.Build.0 = Debug|Any CPU
		{6ACE014C-9B50-4D07-89F9-8FE76DF3C020}.Debug|x64.ActiveCfg = Debug|Any CPU
		{6ACE014C-9B50-4D07-89F9-8FE76DF3C020}.Debug|x64.Build.0 = Debug|Any CPU
		{6ACE014C-9B50-4D07-89F9-8FE76DF3C020}.Debug|x86.ActiveCfg = Debug|Any CPU
		{6ACE014C-9B50-4D07-89F9-8FE76DF3C020}.Debug|x86.Build.0 = Debug|Any CPU
		{6ACE014C-9B50-4D07-89F9-8FE76DF3C020}.Release|Any CPU.ActiveCfg = Release|Any CPU
		{6ACE014C-9B50-4D07-89F9-8FE76DF3C020}.Release|Any CPU.Build.0 = Release|Any CPU
		{6ACE014C-9B50-4D07-89F9-8FE76DF3C020}.Release|x64.ActiveCfg = Release|Any CPU
		{6ACE014C-9B50-4D07-89F9-8FE76DF3C020}.Release|x64.Build.0 = Release|Any CPU
		{6ACE014C-9B50-4D07-89F9-8FE76DF3C020}.Release|x86.ActiveCfg = Release|Any CPU
		{6ACE014C-9B50-4D07-89F9-8FE76DF3C020}.Release|x86.Build.0 = Release|Any CPU
		{A1F2267B-4464-4B9C-BD25-5C5572E2BC8D}.Debug|Any CPU.ActiveCfg = Debug|Any CPU
		{A1F2267B-4464-4B9C-BD25-5C5572E2BC8D}.Debug|Any CPU.Build.0 = Debug|Any CPU
		{A1F2267B-4464-4B9C-BD25-5C5572E2BC8D}.Debug|x64.ActiveCfg = Debug|Any CPU
		{A1F2267B-4464-4B9C-BD25-5C5572E2BC8D}.Debug|x64.Build.0 = Debug|Any CPU
		{A1F2267B-4464-4B9C-BD25-5C5572E2BC8D}.Debug|x86.ActiveCfg = Debug|Any CPU
		{A1F2267B-4464-4B9C-BD25-5C5572E2BC8D}.Debug|x86.Build.0 = Debug|Any CPU
		{A1F2267B-4464-4B9C-BD25-5C5572E2BC8D}.Release|Any CPU.ActiveCfg = Release|Any CPU
		{A1F2267B-4464-4B9C-BD25-5C5572E2BC8D}.Release|Any CPU.Build.0 = Release|Any CPU
		{A1F2267B-4464-4B9C-BD25-5C5572E2BC8D}.Release|x64.ActiveCfg = Release|Any CPU
		{A1F2267B-4464-4B9C-BD25-5C5572E2BC8D}.Release|x64.Build.0 = Release|Any CPU
		{A1F2267B-4464-4B9C-BD25-5C5572E2BC8D}.Release|x86.ActiveCfg = Release|Any CPU
		{A1F2267B-4464-4B9C-BD25-5C5572E2BC8D}.Release|x86.Build.0 = Release|Any CPU
		{41F9674C-607E-4F9D-B426-FAFC052F067E}.Debug|Any CPU.ActiveCfg = Debug|Any CPU
		{41F9674C-607E-4F9D-B426-FAFC052F067E}.Debug|Any CPU.Build.0 = Debug|Any CPU
		{41F9674C-607E-4F9D-B426-FAFC052F067E}.Debug|x64.ActiveCfg = Debug|Any CPU
		{41F9674C-607E-4F9D-B426-FAFC052F067E}.Debug|x64.Build.0 = Debug|Any CPU
		{41F9674C-607E-4F9D-B426-FAFC052F067E}.Debug|x86.ActiveCfg = Debug|Any CPU
		{41F9674C-607E-4F9D-B426-FAFC052F067E}.Debug|x86.Build.0 = Debug|Any CPU
		{41F9674C-607E-4F9D-B426-FAFC052F067E}.Release|Any CPU.ActiveCfg = Release|Any CPU
		{41F9674C-607E-4F9D-B426-FAFC052F067E}.Release|Any CPU.Build.0 = Release|Any CPU
		{41F9674C-607E-4F9D-B426-FAFC052F067E}.Release|x64.ActiveCfg = Release|Any CPU
		{41F9674C-607E-4F9D-B426-FAFC052F067E}.Release|x64.Build.0 = Release|Any CPU
		{41F9674C-607E-4F9D-B426-FAFC052F067E}.Release|x86.ActiveCfg = Release|Any CPU
		{41F9674C-607E-4F9D-B426-FAFC052F067E}.Release|x86.Build.0 = Release|Any CPU
		{5A0F0582-6655-465D-842E-C2A36B14BE89}.Debug|Any CPU.ActiveCfg = Debug|Any CPU
		{5A0F0582-6655-465D-842E-C2A36B14BE89}.Debug|Any CPU.Build.0 = Debug|Any CPU
		{5A0F0582-6655-465D-842E-C2A36B14BE89}.Debug|x64.ActiveCfg = Debug|Any CPU
		{5A0F0582-6655-465D-842E-C2A36B14BE89}.Debug|x64.Build.0 = Debug|Any CPU
		{5A0F0582-6655-465D-842E-C2A36B14BE89}.Debug|x86.ActiveCfg = Debug|Any CPU
		{5A0F0582-6655-465D-842E-C2A36B14BE89}.Debug|x86.Build.0 = Debug|Any CPU
		{5A0F0582-6655-465D-842E-C2A36B14BE89}.Release|Any CPU.ActiveCfg = Release|Any CPU
		{5A0F0582-6655-465D-842E-C2A36B14BE89}.Release|Any CPU.Build.0 = Release|Any CPU
		{5A0F0582-6655-465D-842E-C2A36B14BE89}.Release|x64.ActiveCfg = Release|Any CPU
		{5A0F0582-6655-465D-842E-C2A36B14BE89}.Release|x64.Build.0 = Release|Any CPU
		{5A0F0582-6655-465D-842E-C2A36B14BE89}.Release|x86.ActiveCfg = Release|Any CPU
		{5A0F0582-6655-465D-842E-C2A36B14BE89}.Release|x86.Build.0 = Release|Any CPU
		{0FECDE51-2288-4AB8-B630-3378B28F5231}.Debug|Any CPU.ActiveCfg = Debug|Any CPU
		{0FECDE51-2288-4AB8-B630-3378B28F5231}.Debug|Any CPU.Build.0 = Debug|Any CPU
		{0FECDE51-2288-4AB8-B630-3378B28F5231}.Debug|x64.ActiveCfg = Debug|Any CPU
		{0FECDE51-2288-4AB8-B630-3378B28F5231}.Debug|x64.Build.0 = Debug|Any CPU
		{0FECDE51-2288-4AB8-B630-3378B28F5231}.Debug|x86.ActiveCfg = Debug|Any CPU
		{0FECDE51-2288-4AB8-B630-3378B28F5231}.Debug|x86.Build.0 = Debug|Any CPU
		{0FECDE51-2288-4AB8-B630-3378B28F5231}.Release|Any CPU.ActiveCfg = Release|Any CPU
		{0FECDE51-2288-4AB8-B630-3378B28F5231}.Release|Any CPU.Build.0 = Release|Any CPU
		{0FECDE51-2288-4AB8-B630-3378B28F5231}.Release|x64.ActiveCfg = Release|Any CPU
		{0FECDE51-2288-4AB8-B630-3378B28F5231}.Release|x64.Build.0 = Release|Any CPU
		{0FECDE51-2288-4AB8-B630-3378B28F5231}.Release|x86.ActiveCfg = Release|Any CPU
		{0FECDE51-2288-4AB8-B630-3378B28F5231}.Release|x86.Build.0 = Release|Any CPU
		{ED254593-54C8-4DF4-8E84-BC85D62D97E7}.Debug|Any CPU.ActiveCfg = Debug|Any CPU
		{ED254593-54C8-4DF4-8E84-BC85D62D97E7}.Debug|Any CPU.Build.0 = Debug|Any CPU
		{ED254593-54C8-4DF4-8E84-BC85D62D97E7}.Debug|x64.ActiveCfg = Debug|Any CPU
		{ED254593-54C8-4DF4-8E84-BC85D62D97E7}.Debug|x64.Build.0 = Debug|Any CPU
		{ED254593-54C8-4DF4-8E84-BC85D62D97E7}.Debug|x86.ActiveCfg = Debug|Any CPU
		{ED254593-54C8-4DF4-8E84-BC85D62D97E7}.Debug|x86.Build.0 = Debug|Any CPU
		{ED254593-54C8-4DF4-8E84-BC85D62D97E7}.Release|Any CPU.ActiveCfg = Release|Any CPU
		{ED254593-54C8-4DF4-8E84-BC85D62D97E7}.Release|Any CPU.Build.0 = Release|Any CPU
		{ED254593-54C8-4DF4-8E84-BC85D62D97E7}.Release|x64.ActiveCfg = Release|Any CPU
		{ED254593-54C8-4DF4-8E84-BC85D62D97E7}.Release|x64.Build.0 = Release|Any CPU
		{ED254593-54C8-4DF4-8E84-BC85D62D97E7}.Release|x86.ActiveCfg = Release|Any CPU
		{ED254593-54C8-4DF4-8E84-BC85D62D97E7}.Release|x86.Build.0 = Release|Any CPU
		{EBD751E3-1C6D-48A0-AB9A-821644BDBD60}.Debug|Any CPU.ActiveCfg = Debug|Any CPU
		{EBD751E3-1C6D-48A0-AB9A-821644BDBD60}.Debug|Any CPU.Build.0 = Debug|Any CPU
		{EBD751E3-1C6D-48A0-AB9A-821644BDBD60}.Debug|x64.ActiveCfg = Debug|Any CPU
		{EBD751E3-1C6D-48A0-AB9A-821644BDBD60}.Debug|x64.Build.0 = Debug|Any CPU
		{EBD751E3-1C6D-48A0-AB9A-821644BDBD60}.Debug|x86.ActiveCfg = Debug|Any CPU
		{EBD751E3-1C6D-48A0-AB9A-821644BDBD60}.Debug|x86.Build.0 = Debug|Any CPU
		{EBD751E3-1C6D-48A0-AB9A-821644BDBD60}.Release|Any CPU.ActiveCfg = Release|Any CPU
		{EBD751E3-1C6D-48A0-AB9A-821644BDBD60}.Release|Any CPU.Build.0 = Release|Any CPU
		{EBD751E3-1C6D-48A0-AB9A-821644BDBD60}.Release|x64.ActiveCfg = Release|Any CPU
		{EBD751E3-1C6D-48A0-AB9A-821644BDBD60}.Release|x64.Build.0 = Release|Any CPU
		{EBD751E3-1C6D-48A0-AB9A-821644BDBD60}.Release|x86.ActiveCfg = Release|Any CPU
		{EBD751E3-1C6D-48A0-AB9A-821644BDBD60}.Release|x86.Build.0 = Release|Any CPU
		{03B85F16-2E2D-413A-983A-EAAD55DF18ED}.Debug|Any CPU.ActiveCfg = Debug|Any CPU
		{03B85F16-2E2D-413A-983A-EAAD55DF18ED}.Debug|Any CPU.Build.0 = Debug|Any CPU
		{03B85F16-2E2D-413A-983A-EAAD55DF18ED}.Debug|x64.ActiveCfg = Debug|Any CPU
		{03B85F16-2E2D-413A-983A-EAAD55DF18ED}.Debug|x64.Build.0 = Debug|Any CPU
		{03B85F16-2E2D-413A-983A-EAAD55DF18ED}.Debug|x86.ActiveCfg = Debug|Any CPU
		{03B85F16-2E2D-413A-983A-EAAD55DF18ED}.Debug|x86.Build.0 = Debug|Any CPU
		{03B85F16-2E2D-413A-983A-EAAD55DF18ED}.Release|Any CPU.ActiveCfg = Release|Any CPU
		{03B85F16-2E2D-413A-983A-EAAD55DF18ED}.Release|Any CPU.Build.0 = Release|Any CPU
		{03B85F16-2E2D-413A-983A-EAAD55DF18ED}.Release|x64.ActiveCfg = Release|Any CPU
		{03B85F16-2E2D-413A-983A-EAAD55DF18ED}.Release|x64.Build.0 = Release|Any CPU
		{03B85F16-2E2D-413A-983A-EAAD55DF18ED}.Release|x86.ActiveCfg = Release|Any CPU
		{03B85F16-2E2D-413A-983A-EAAD55DF18ED}.Release|x86.Build.0 = Release|Any CPU
		{E1F2A3B4-C5D6-7890-E1F2-A3B4C5D67890}.Debug|Any CPU.ActiveCfg = Debug|Any CPU
		{E1F2A3B4-C5D6-7890-E1F2-A3B4C5D67890}.Debug|Any CPU.Build.0 = Debug|Any CPU
		{E1F2A3B4-C5D6-7890-E1F2-A3B4C5D67890}.Debug|x64.ActiveCfg = Debug|Any CPU
		{E1F2A3B4-C5D6-7890-E1F2-A3B4C5D67890}.Debug|x64.Build.0 = Debug|Any CPU
		{E1F2A3B4-C5D6-7890-E1F2-A3B4C5D67890}.Debug|x86.ActiveCfg = Debug|Any CPU
		{E1F2A3B4-C5D6-7890-E1F2-A3B4C5D67890}.Debug|x86.Build.0 = Debug|Any CPU
		{E1F2A3B4-C5D6-7890-E1F2-A3B4C5D67890}.Release|Any CPU.ActiveCfg = Release|Any CPU
		{E1F2A3B4-C5D6-7890-E1F2-A3B4C5D67890}.Release|Any CPU.Build.0 = Release|Any CPU
		{E1F2A3B4-C5D6-7890-E1F2-A3B4C5D67890}.Release|x64.ActiveCfg = Release|Any CPU
		{E1F2A3B4-C5D6-7890-E1F2-A3B4C5D67890}.Release|x64.Build.0 = Release|Any CPU
		{E1F2A3B4-C5D6-7890-E1F2-A3B4C5D67890}.Release|x86.ActiveCfg = Release|Any CPU
		{E1F2A3B4-C5D6-7890-E1F2-A3B4C5D67890}.Release|x86.Build.0 = Release|Any CPU
		{F3000001-0000-0000-0000-000000000001}.Debug|Any CPU.ActiveCfg = Debug|Any CPU
		{F3000001-0000-0000-0000-000000000001}.Debug|Any CPU.Build.0 = Debug|Any CPU
		{F3000001-0000-0000-0000-000000000001}.Debug|x64.ActiveCfg = Debug|Any CPU
		{F3000001-0000-0000-0000-000000000001}.Debug|x64.Build.0 = Debug|Any CPU
		{F3000001-0000-0000-0000-000000000001}.Debug|x86.ActiveCfg = Debug|Any CPU
		{F3000001-0000-0000-0000-000000000001}.Debug|x86.Build.0 = Debug|Any CPU
		{F3000001-0000-0000-0000-000000000001}.Release|Any CPU.ActiveCfg = Release|Any CPU
		{F3000001-0000-0000-0000-000000000001}.Release|Any CPU.Build.0 = Release|Any CPU
		{F3000001-0000-0000-0000-000000000001}.Release|x64.ActiveCfg = Release|Any CPU
		{F3000001-0000-0000-0000-000000000001}.Release|x64.Build.0 = Release|Any CPU
		{F3000001-0000-0000-0000-000000000001}.Release|x86.ActiveCfg = Release|Any CPU
		{F3000001-0000-0000-0000-000000000001}.Release|x86.Build.0 = Release|Any CPU
		{4A28E49B-FBDA-4BE8-A43C-2FEC39A42B46}.Debug|Any CPU.ActiveCfg = Debug|Any CPU
		{4A28E49B-FBDA-4BE8-A43C-2FEC39A42B46}.Debug|Any CPU.Build.0 = Debug|Any CPU
		{4A28E49B-FBDA-4BE8-A43C-2FEC39A42B46}.Debug|x64.ActiveCfg = Debug|Any CPU
		{4A28E49B-FBDA-4BE8-A43C-2FEC39A42B46}.Debug|x64.Build.0 = Debug|Any CPU
		{4A28E49B-FBDA-4BE8-A43C-2FEC39A42B46}.Debug|x86.ActiveCfg = Debug|Any CPU
		{4A28E49B-FBDA-4BE8-A43C-2FEC39A42B46}.Debug|x86.Build.0 = Debug|Any CPU
		{4A28E49B-FBDA-4BE8-A43C-2FEC39A42B46}.Release|Any CPU.ActiveCfg = Release|Any CPU
		{4A28E49B-FBDA-4BE8-A43C-2FEC39A42B46}.Release|Any CPU.Build.0 = Release|Any CPU
		{4A28E49B-FBDA-4BE8-A43C-2FEC39A42B46}.Release|x64.ActiveCfg = Release|Any CPU
		{4A28E49B-FBDA-4BE8-A43C-2FEC39A42B46}.Release|x64.Build.0 = Release|Any CPU
		{4A28E49B-FBDA-4BE8-A43C-2FEC39A42B46}.Release|x86.ActiveCfg = Release|Any CPU
		{4A28E49B-FBDA-4BE8-A43C-2FEC39A42B46}.Release|x86.Build.0 = Release|Any CPU
		{B7D29E4F-3A51-4C8B-9E1D-6F2A5C7B8D0E}.Debug|Any CPU.ActiveCfg = Debug|Any CPU
		{B7D29E4F-3A51-4C8B-9E1D-6F2A5C7B8D0E}.Debug|Any CPU.Build.0 = Debug|Any CPU
		{B7D29E4F-3A51-4C8B-9E1D-6F2A5C7B8D0E}.Debug|x64.ActiveCfg = Debug|Any CPU
		{B7D29E4F-3A51-4C8B-9E1D-6F2A5C7B8D0E}.Debug|x64.Build.0 = Debug|Any CPU
		{B7D29E4F-3A51-4C8B-9E1D-6F2A5C7B8D0E}.Debug|x86.ActiveCfg = Debug|Any CPU
		{B7D29E4F-3A51-4C8B-9E1D-6F2A5C7B8D0E}.Debug|x86.Build.0 = Debug|Any CPU
		{B7D29E4F-3A51-4C8B-9E1D-6F2A5C7B8D0E}.Release|Any CPU.ActiveCfg = Release|Any CPU
		{B7D29E4F-3A51-4C8B-9E1D-6F2A5C7B8D0E}.Release|Any CPU.Build.0 = Release|Any CPU
		{B7D29E4F-3A51-4C8B-9E1D-6F2A5C7B8D0E}.Release|x64.ActiveCfg = Release|Any CPU
		{B7D29E4F-3A51-4C8B-9E1D-6F2A5C7B8D0E}.Release|x64.Build.0 = Release|Any CPU
		{B7D29E4F-3A51-4C8B-9E1D-6F2A5C7B8D0E}.Release|x86.ActiveCfg = Release|Any CPU
		{B7D29E4F-3A51-4C8B-9E1D-6F2A5C7B8D0E}.Release|x86.Build.0 = Release|Any CPU
		{B2C4D6E8-F0A2-4B6C-8D0E-2F4A6B8C0D2E}.Debug|Any CPU.ActiveCfg = Debug|Any CPU
		{B2C4D6E8-F0A2-4B6C-8D0E-2F4A6B8C0D2E}.Debug|Any CPU.Build.0 = Debug|Any CPU
		{B2C4D6E8-F0A2-4B6C-8D0E-2F4A6B8C0D2E}.Debug|x64.ActiveCfg = Debug|Any CPU
		{B2C4D6E8-F0A2-4B6C-8D0E-2F4A6B8C0D2E}.Debug|x64.Build.0 = Debug|Any CPU
		{B2C4D6E8-F0A2-4B6C-8D0E-2F4A6B8C0D2E}.Debug|x86.ActiveCfg = Debug|Any CPU
		{B2C4D6E8-F0A2-4B6C-8D0E-2F4A6B8C0D2E}.Debug|x86.Build.0 = Debug|Any CPU
		{B2C4D6E8-F0A2-4B6C-8D0E-2F4A6B8C0D2E}.Release|Any CPU.ActiveCfg = Release|Any CPU
		{B2C4D6E8-F0A2-4B6C-8D0E-2F4A6B8C0D2E}.Release|Any CPU.Build.0 = Release|Any CPU
		{B2C4D6E8-F0A2-4B6C-8D0E-2F4A6B8C0D2E}.Release|x64.ActiveCfg = Release|Any CPU
		{B2C4D6E8-F0A2-4B6C-8D0E-2F4A6B8C0D2E}.Release|x64.Build.0 = Release|Any CPU
		{B2C4D6E8-F0A2-4B6C-8D0E-2F4A6B8C0D2E}.Release|x86.ActiveCfg = Release|Any CPU
		{B2C4D6E8-F0A2-4B6C-8D0E-2F4A6B8C0D2E}.Release|x86.Build.0 = Release|Any CPU
		{F1E2D3C4-B5A6-7890-F1E2-D3C4B5A67890}.Debug|Any CPU.ActiveCfg = Debug|Any CPU
		{F1E2D3C4-B5A6-7890-F1E2-D3C4B5A67890}.Debug|Any CPU.Build.0 = Debug|Any CPU
		{F1E2D3C4-B5A6-7890-F1E2-D3C4B5A67890}.Debug|x64.ActiveCfg = Debug|Any CPU
		{F1E2D3C4-B5A6-7890-F1E2-D3C4B5A67890}.Debug|x64.Build.0 = Debug|Any CPU
		{F1E2D3C4-B5A6-7890-F1E2-D3C4B5A67890}.Debug|x86.ActiveCfg = Debug|Any CPU
		{F1E2D3C4-B5A6-7890-F1E2-D3C4B5A67890}.Debug|x86.Build.0 = Debug|Any CPU
		{F1E2D3C4-B5A6-7890-F1E2-D3C4B5A67890}.Release|Any CPU.ActiveCfg = Release|Any CPU
		{F1E2D3C4-B5A6-7890-F1E2-D3C4B5A67890}.Release|Any CPU.Build.0 = Release|Any CPU
		{F1E2D3C4-B5A6-7890-F1E2-D3C4B5A67890}.Release|x64.ActiveCfg = Release|Any CPU
		{F1E2D3C4-B5A6-7890-F1E2-D3C4B5A67890}.Release|x64.Build.0 = Release|Any CPU
		{F1E2D3C4-B5A6-7890-F1E2-D3C4B5A67890}.Release|x86.ActiveCfg = Release|Any CPU
		{F1E2D3C4-B5A6-7890-F1E2-D3C4B5A67890}.Release|x86.Build.0 = Release|Any CPU
		{C1000002-0000-0000-0000-000000000002}.Debug|Any CPU.ActiveCfg = Debug|Any CPU
		{C1000002-0000-0000-0000-000000000002}.Debug|Any CPU.Build.0 = Debug|Any CPU
		{C1000002-0000-0000-0000-000000000002}.Debug|x64.ActiveCfg = Debug|Any CPU
		{C1000002-0000-0000-0000-000000000002}.Debug|x64.Build.0 = Debug|Any CPU
		{C1000002-0000-0000-0000-000000000002}.Debug|x86.ActiveCfg = Debug|Any CPU
		{C1000002-0000-0000-0000-000000000002}.Debug|x86.Build.0 = Debug|Any CPU
		{C1000002-0000-0000-0000-000000000002}.Release|Any CPU.ActiveCfg = Release|Any CPU
		{C1000002-0000-0000-0000-000000000002}.Release|Any CPU.Build.0 = Release|Any CPU
		{C1000002-0000-0000-0000-000000000002}.Release|x64.ActiveCfg = Release|Any CPU
		{C1000002-0000-0000-0000-000000000002}.Release|x64.Build.0 = Release|Any CPU
		{C1000002-0000-0000-0000-000000000002}.Release|x86.ActiveCfg = Release|Any CPU
		{C1000002-0000-0000-0000-000000000002}.Release|x86.Build.0 = Release|Any CPU
		{C1000003-0000-0000-0000-000000000003}.Debug|Any CPU.ActiveCfg = Debug|Any CPU
		{C1000003-0000-0000-0000-000000000003}.Debug|Any CPU.Build.0 = Debug|Any CPU
		{C1000003-0000-0000-0000-000000000003}.Debug|x64.ActiveCfg = Debug|Any CPU
		{C1000003-0000-0000-0000-000000000003}.Debug|x64.Build.0 = Debug|Any CPU
		{C1000003-0000-0000-0000-000000000003}.Debug|x86.ActiveCfg = Debug|Any CPU
		{C1000003-0000-0000-0000-000000000003}.Debug|x86.Build.0 = Debug|Any CPU
		{C1000003-0000-0000-0000-000000000003}.Release|Any CPU.ActiveCfg = Release|Any CPU
		{C1000003-0000-0000-0000-000000000003}.Release|Any CPU.Build.0 = Release|Any CPU
		{C1000003-0000-0000-0000-000000000003}.Release|x64.ActiveCfg = Release|Any CPU
		{C1000003-0000-0000-0000-000000000003}.Release|x64.Build.0 = Release|Any CPU
		{C1000003-0000-0000-0000-000000000003}.Release|x86.ActiveCfg = Release|Any CPU
		{C1000003-0000-0000-0000-000000000003}.Release|x86.Build.0 = Release|Any CPU
		{D1E2F3A4-B5C6-7890-D1E2-F3A4B5C67890}.Debug|Any CPU.ActiveCfg = Debug|Any CPU
		{D1E2F3A4-B5C6-7890-D1E2-F3A4B5C67890}.Debug|Any CPU.Build.0 = Debug|Any CPU
		{D1E2F3A4-B5C6-7890-D1E2-F3A4B5C67890}.Debug|x64.ActiveCfg = Debug|Any CPU
		{D1E2F3A4-B5C6-7890-D1E2-F3A4B5C67890}.Debug|x64.Build.0 = Debug|Any CPU
		{D1E2F3A4-B5C6-7890-D1E2-F3A4B5C67890}.Debug|x86.ActiveCfg = Debug|Any CPU
		{D1E2F3A4-B5C6-7890-D1E2-F3A4B5C67890}.Debug|x86.Build.0 = Debug|Any CPU
		{D1E2F3A4-B5C6-7890-D1E2-F3A4B5C67890}.Release|Any CPU.ActiveCfg = Release|Any CPU
		{D1E2F3A4-B5C6-7890-D1E2-F3A4B5C67890}.Release|Any CPU.Build.0 = Release|Any CPU
		{D1E2F3A4-B5C6-7890-D1E2-F3A4B5C67890}.Release|x64.ActiveCfg = Release|Any CPU
		{D1E2F3A4-B5C6-7890-D1E2-F3A4B5C67890}.Release|x64.Build.0 = Release|Any CPU
		{D1E2F3A4-B5C6-7890-D1E2-F3A4B5C67890}.Release|x86.ActiveCfg = Release|Any CPU
		{D1E2F3A4-B5C6-7890-D1E2-F3A4B5C67890}.Release|x86.Build.0 = Release|Any CPU
		{D2000001-0000-0000-0000-000000000001}.Debug|Any CPU.ActiveCfg = Debug|Any CPU
		{D2000001-0000-0000-0000-000000000001}.Debug|Any CPU.Build.0 = Debug|Any CPU
		{D2000001-0000-0000-0000-000000000001}.Debug|x64.ActiveCfg = Debug|Any CPU
		{D2000001-0000-0000-0000-000000000001}.Debug|x64.Build.0 = Debug|Any CPU
		{D2000001-0000-0000-0000-000000000001}.Debug|x86.ActiveCfg = Debug|Any CPU
		{D2000001-0000-0000-0000-000000000001}.Debug|x86.Build.0 = Debug|Any CPU
		{D2000001-0000-0000-0000-000000000001}.Release|Any CPU.ActiveCfg = Release|Any CPU
		{D2000001-0000-0000-0000-000000000001}.Release|Any CPU.Build.0 = Release|Any CPU
		{D2000001-0000-0000-0000-000000000001}.Release|x64.ActiveCfg = Release|Any CPU
		{D2000001-0000-0000-0000-000000000001}.Release|x64.Build.0 = Release|Any CPU
		{D2000001-0000-0000-0000-000000000001}.Release|x86.ActiveCfg = Release|Any CPU
		{D2000001-0000-0000-0000-000000000001}.Release|x86.Build.0 = Release|Any CPU
		{D3000001-0000-0000-0000-000000000001}.Debug|Any CPU.ActiveCfg = Debug|Any CPU
		{D3000001-0000-0000-0000-000000000001}.Debug|Any CPU.Build.0 = Debug|Any CPU
		{D3000001-0000-0000-0000-000000000001}.Debug|x64.ActiveCfg = Debug|Any CPU
		{D3000001-0000-0000-0000-000000000001}.Debug|x64.Build.0 = Debug|Any CPU
		{D3000001-0000-0000-0000-000000000001}.Debug|x86.ActiveCfg = Debug|Any CPU
		{D3000001-0000-0000-0000-000000000001}.Debug|x86.Build.0 = Debug|Any CPU
		{D3000001-0000-0000-0000-000000000001}.Release|Any CPU.ActiveCfg = Release|Any CPU
		{D3000001-0000-0000-0000-000000000001}.Release|Any CPU.Build.0 = Release|Any CPU
		{D3000001-0000-0000-0000-000000000001}.Release|x64.ActiveCfg = Release|Any CPU
		{D3000001-0000-0000-0000-000000000001}.Release|x64.Build.0 = Release|Any CPU
		{D3000001-0000-0000-0000-000000000001}.Release|x86.ActiveCfg = Release|Any CPU
		{D3000001-0000-0000-0000-000000000001}.Release|x86.Build.0 = Release|Any CPU
		{D4000001-0000-0000-0000-000000000001}.Debug|Any CPU.ActiveCfg = Debug|Any CPU
		{D4000001-0000-0000-0000-000000000001}.Debug|Any CPU.Build.0 = Debug|Any CPU
		{D4000001-0000-0000-0000-000000000001}.Debug|x64.ActiveCfg = Debug|Any CPU
		{D4000001-0000-0000-0000-000000000001}.Debug|x64.Build.0 = Debug|Any CPU
		{D4000001-0000-0000-0000-000000000001}.Debug|x86.ActiveCfg = Debug|Any CPU
		{D4000001-0000-0000-0000-000000000001}.Debug|x86.Build.0 = Debug|Any CPU
		{D4000001-0000-0000-0000-000000000001}.Release|Any CPU.ActiveCfg = Release|Any CPU
		{D4000001-0000-0000-0000-000000000001}.Release|Any CPU.Build.0 = Release|Any CPU
		{D4000001-0000-0000-0000-000000000001}.Release|x64.ActiveCfg = Release|Any CPU
		{D4000001-0000-0000-0000-000000000001}.Release|x64.Build.0 = Release|Any CPU
		{D4000001-0000-0000-0000-000000000001}.Release|x86.ActiveCfg = Release|Any CPU
		{D4000001-0000-0000-0000-000000000001}.Release|x86.Build.0 = Release|Any CPU
		{E1F2A3B4-C5D6-7890-E1F2-A3B4C5D67890}.Debug|Any CPU.ActiveCfg = Debug|Any CPU
		{E1F2A3B4-C5D6-7890-E1F2-A3B4C5D67890}.Debug|Any CPU.Build.0 = Debug|Any CPU
		{E1F2A3B4-C5D6-7890-E1F2-A3B4C5D67890}.Debug|x64.ActiveCfg = Debug|Any CPU
		{E1F2A3B4-C5D6-7890-E1F2-A3B4C5D67890}.Debug|x64.Build.0 = Debug|Any CPU
		{E1F2A3B4-C5D6-7890-E1F2-A3B4C5D67890}.Debug|x86.ActiveCfg = Debug|Any CPU
		{E1F2A3B4-C5D6-7890-E1F2-A3B4C5D67890}.Debug|x86.Build.0 = Debug|Any CPU
		{E1F2A3B4-C5D6-7890-E1F2-A3B4C5D67890}.Release|Any CPU.ActiveCfg = Release|Any CPU
		{E1F2A3B4-C5D6-7890-E1F2-A3B4C5D67890}.Release|Any CPU.Build.0 = Release|Any CPU
		{E1F2A3B4-C5D6-7890-E1F2-A3B4C5D67890}.Release|x64.ActiveCfg = Release|Any CPU
		{E1F2A3B4-C5D6-7890-E1F2-A3B4C5D67890}.Release|x64.Build.0 = Release|Any CPU
		{E1F2A3B4-C5D6-7890-E1F2-A3B4C5D67890}.Release|x86.ActiveCfg = Release|Any CPU
		{E1F2A3B4-C5D6-7890-E1F2-A3B4C5D67890}.Release|x86.Build.0 = Release|Any CPU
		{F3000001-0000-0000-0000-000000000001}.Debug|Any CPU.ActiveCfg = Debug|Any CPU
		{F3000001-0000-0000-0000-000000000001}.Debug|Any CPU.Build.0 = Debug|Any CPU
		{F3000001-0000-0000-0000-000000000001}.Debug|x64.ActiveCfg = Debug|Any CPU
		{F3000001-0000-0000-0000-000000000001}.Debug|x64.Build.0 = Debug|Any CPU
		{F3000001-0000-0000-0000-000000000001}.Debug|x86.ActiveCfg = Debug|Any CPU
		{F3000001-0000-0000-0000-000000000001}.Debug|x86.Build.0 = Debug|Any CPU
		{F3000001-0000-0000-0000-000000000001}.Release|Any CPU.ActiveCfg = Release|Any CPU
		{F3000001-0000-0000-0000-000000000001}.Release|Any CPU.Build.0 = Release|Any CPU
		{F3000001-0000-0000-0000-000000000001}.Release|x64.ActiveCfg = Release|Any CPU
		{F3000001-0000-0000-0000-000000000001}.Release|x64.Build.0 = Release|Any CPU
		{F3000001-0000-0000-0000-000000000001}.Release|x86.ActiveCfg = Release|Any CPU
		{F3000001-0000-0000-0000-000000000001}.Release|x86.Build.0 = Release|Any CPU
		{F1E2D3C4-B5A6-7890-F1E2-D3C4B5A67890}.Debug|Any CPU.ActiveCfg = Debug|Any CPU
		{F1E2D3C4-B5A6-7890-F1E2-D3C4B5A67890}.Debug|Any CPU.Build.0 = Debug|Any CPU
		{F1E2D3C4-B5A6-7890-F1E2-D3C4B5A67890}.Debug|x64.ActiveCfg = Debug|Any CPU
		{F1E2D3C4-B5A6-7890-F1E2-D3C4B5A67890}.Debug|x64.Build.0 = Debug|Any CPU
		{F1E2D3C4-B5A6-7890-F1E2-D3C4B5A67890}.Debug|x86.ActiveCfg = Debug|Any CPU
		{F1E2D3C4-B5A6-7890-F1E2-D3C4B5A67890}.Debug|x86.Build.0 = Debug|Any CPU
		{F1E2D3C4-B5A6-7890-F1E2-D3C4B5A67890}.Release|Any CPU.ActiveCfg = Release|Any CPU
		{F1E2D3C4-B5A6-7890-F1E2-D3C4B5A67890}.Release|Any CPU.Build.0 = Release|Any CPU
		{F1E2D3C4-B5A6-7890-F1E2-D3C4B5A67890}.Release|x64.ActiveCfg = Release|Any CPU
		{F1E2D3C4-B5A6-7890-F1E2-D3C4B5A67890}.Release|x64.Build.0 = Release|Any CPU
		{F1E2D3C4-B5A6-7890-F1E2-D3C4B5A67890}.Release|x86.ActiveCfg = Release|Any CPU
		{F1E2D3C4-B5A6-7890-F1E2-D3C4B5A67890}.Release|x86.Build.0 = Release|Any CPU
		{E2000003-0000-0000-0000-000000000003}.Debug|Any CPU.ActiveCfg = Debug|Any CPU
		{E2000003-0000-0000-0000-000000000003}.Debug|Any CPU.Build.0 = Debug|Any CPU
		{E2000003-0000-0000-0000-000000000003}.Debug|x64.ActiveCfg = Debug|Any CPU
		{E2000003-0000-0000-0000-000000000003}.Debug|x64.Build.0 = Debug|Any CPU
		{E2000003-0000-0000-0000-000000000003}.Debug|x86.ActiveCfg = Debug|Any CPU
		{E2000003-0000-0000-0000-000000000003}.Debug|x86.Build.0 = Debug|Any CPU
		{E2000003-0000-0000-0000-000000000003}.Release|Any CPU.ActiveCfg = Release|Any CPU
		{E2000003-0000-0000-0000-000000000003}.Release|Any CPU.Build.0 = Release|Any CPU
		{E2000003-0000-0000-0000-000000000003}.Release|x64.ActiveCfg = Release|Any CPU
		{E2000003-0000-0000-0000-000000000003}.Release|x64.Build.0 = Release|Any CPU
		{E2000003-0000-0000-0000-000000000003}.Release|x86.ActiveCfg = Release|Any CPU
		{E2000003-0000-0000-0000-000000000003}.Release|x86.Build.0 = Release|Any CPU
		{E2000004-0000-0000-0000-000000000004}.Debug|Any CPU.ActiveCfg = Debug|Any CPU
		{E2000004-0000-0000-0000-000000000004}.Debug|Any CPU.Build.0 = Debug|Any CPU
		{E2000004-0000-0000-0000-000000000004}.Debug|x64.ActiveCfg = Debug|Any CPU
		{E2000004-0000-0000-0000-000000000004}.Debug|x64.Build.0 = Debug|Any CPU
		{E2000004-0000-0000-0000-000000000004}.Debug|x86.ActiveCfg = Debug|Any CPU
		{E2000004-0000-0000-0000-000000000004}.Debug|x86.Build.0 = Debug|Any CPU
		{E2000004-0000-0000-0000-000000000004}.Release|Any CPU.ActiveCfg = Release|Any CPU
		{E2000004-0000-0000-0000-000000000004}.Release|Any CPU.Build.0 = Release|Any CPU
		{E2000004-0000-0000-0000-000000000004}.Release|x64.ActiveCfg = Release|Any CPU
		{E2000004-0000-0000-0000-000000000004}.Release|x64.Build.0 = Release|Any CPU
		{E2000004-0000-0000-0000-000000000004}.Release|x86.ActiveCfg = Release|Any CPU
		{E2000004-0000-0000-0000-000000000004}.Release|x86.Build.0 = Release|Any CPU
		{E2000005-0000-0000-0000-000000000005}.Debug|Any CPU.ActiveCfg = Debug|Any CPU
		{E2000005-0000-0000-0000-000000000005}.Debug|Any CPU.Build.0 = Debug|Any CPU
		{E2000005-0000-0000-0000-000000000005}.Debug|x64.ActiveCfg = Debug|Any CPU
		{E2000005-0000-0000-0000-000000000005}.Debug|x64.Build.0 = Debug|Any CPU
		{E2000005-0000-0000-0000-000000000005}.Debug|x86.ActiveCfg = Debug|Any CPU
		{E2000005-0000-0000-0000-000000000005}.Debug|x86.Build.0 = Debug|Any CPU
		{E2000005-0000-0000-0000-000000000005}.Release|Any CPU.ActiveCfg = Release|Any CPU
		{E2000005-0000-0000-0000-000000000005}.Release|Any CPU.Build.0 = Release|Any CPU
		{E2000005-0000-0000-0000-000000000005}.Release|x64.ActiveCfg = Release|Any CPU
		{E2000005-0000-0000-0000-000000000005}.Release|x64.Build.0 = Release|Any CPU
		{E2000005-0000-0000-0000-000000000005}.Release|x86.ActiveCfg = Release|Any CPU
		{E2000005-0000-0000-0000-000000000005}.Release|x86.Build.0 = Release|Any CPU
		{E3000003-0000-0000-0000-000000000003}.Debug|Any CPU.ActiveCfg = Debug|Any CPU
		{E3000003-0000-0000-0000-000000000003}.Debug|Any CPU.Build.0 = Debug|Any CPU
		{E3000003-0000-0000-0000-000000000003}.Debug|x64.ActiveCfg = Debug|Any CPU
		{E3000003-0000-0000-0000-000000000003}.Debug|x64.Build.0 = Debug|Any CPU
		{E3000003-0000-0000-0000-000000000003}.Debug|x86.ActiveCfg = Debug|Any CPU
		{E3000003-0000-0000-0000-000000000003}.Debug|x86.Build.0 = Debug|Any CPU
		{E3000003-0000-0000-0000-000000000003}.Release|Any CPU.ActiveCfg = Release|Any CPU
		{E3000003-0000-0000-0000-000000000003}.Release|Any CPU.Build.0 = Release|Any CPU
		{E3000003-0000-0000-0000-000000000003}.Release|x64.ActiveCfg = Release|Any CPU
		{E3000003-0000-0000-0000-000000000003}.Release|x64.Build.0 = Release|Any CPU
		{E3000003-0000-0000-0000-000000000003}.Release|x86.ActiveCfg = Release|Any CPU
		{E3000003-0000-0000-0000-000000000003}.Release|x86.Build.0 = Release|Any CPU
		{E3000004-0000-0000-0000-000000000004}.Debug|Any CPU.ActiveCfg = Debug|Any CPU
		{E3000004-0000-0000-0000-000000000004}.Debug|Any CPU.Build.0 = Debug|Any CPU
		{E3000004-0000-0000-0000-000000000004}.Debug|x64.ActiveCfg = Debug|Any CPU
		{E3000004-0000-0000-0000-000000000004}.Debug|x64.Build.0 = Debug|Any CPU
		{E3000004-0000-0000-0000-000000000004}.Debug|x86.ActiveCfg = Debug|Any CPU
		{E3000004-0000-0000-0000-000000000004}.Debug|x86.Build.0 = Debug|Any CPU
		{E3000004-0000-0000-0000-000000000004}.Release|Any CPU.ActiveCfg = Release|Any CPU
		{E3000004-0000-0000-0000-000000000004}.Release|Any CPU.Build.0 = Release|Any CPU
		{E3000004-0000-0000-0000-000000000004}.Release|x64.ActiveCfg = Release|Any CPU
		{E3000004-0000-0000-0000-000000000004}.Release|x64.Build.0 = Release|Any CPU
		{E3000004-0000-0000-0000-000000000004}.Release|x86.ActiveCfg = Release|Any CPU
		{E3000004-0000-0000-0000-000000000004}.Release|x86.Build.0 = Release|Any CPU
		{E3000005-0000-0000-0000-000000000005}.Debug|Any CPU.ActiveCfg = Debug|Any CPU
		{E3000005-0000-0000-0000-000000000005}.Debug|Any CPU.Build.0 = Debug|Any CPU
		{E3000005-0000-0000-0000-000000000005}.Debug|x64.ActiveCfg = Debug|Any CPU
		{E3000005-0000-0000-0000-000000000005}.Debug|x64.Build.0 = Debug|Any CPU
		{E3000005-0000-0000-0000-000000000005}.Debug|x86.ActiveCfg = Debug|Any CPU
		{E3000005-0000-0000-0000-000000000005}.Debug|x86.Build.0 = Debug|Any CPU
		{E3000005-0000-0000-0000-000000000005}.Release|Any CPU.ActiveCfg = Release|Any CPU
		{E3000005-0000-0000-0000-000000000005}.Release|Any CPU.Build.0 = Release|Any CPU
		{E3000005-0000-0000-0000-000000000005}.Release|x64.ActiveCfg = Release|Any CPU
		{E3000005-0000-0000-0000-000000000005}.Release|x64.Build.0 = Release|Any CPU
		{E3000005-0000-0000-0000-000000000005}.Release|x86.ActiveCfg = Release|Any CPU
		{E3000005-0000-0000-0000-000000000005}.Release|x86.Build.0 = Release|Any CPU
		{F4000003-0000-0000-0000-000000000003}.Debug|Any CPU.ActiveCfg = Debug|Any CPU
		{F4000003-0000-0000-0000-000000000003}.Debug|Any CPU.Build.0 = Debug|Any CPU
		{F4000003-0000-0000-0000-000000000003}.Debug|x64.ActiveCfg = Debug|Any CPU
		{F4000003-0000-0000-0000-000000000003}.Debug|x64.Build.0 = Debug|Any CPU
		{F4000003-0000-0000-0000-000000000003}.Debug|x86.ActiveCfg = Debug|Any CPU
		{F4000003-0000-0000-0000-000000000003}.Debug|x86.Build.0 = Debug|Any CPU
		{F4000003-0000-0000-0000-000000000003}.Release|Any CPU.ActiveCfg = Release|Any CPU
		{F4000003-0000-0000-0000-000000000003}.Release|Any CPU.Build.0 = Release|Any CPU
		{F4000003-0000-0000-0000-000000000003}.Release|x64.ActiveCfg = Release|Any CPU
		{F4000003-0000-0000-0000-000000000003}.Release|x64.Build.0 = Release|Any CPU
		{F4000003-0000-0000-0000-000000000003}.Release|x86.ActiveCfg = Release|Any CPU
		{F4000003-0000-0000-0000-000000000003}.Release|x86.Build.0 = Release|Any CPU
		{F4000004-0000-0000-0000-000000000004}.Debug|Any CPU.ActiveCfg = Debug|Any CPU
		{F4000004-0000-0000-0000-000000000004}.Debug|Any CPU.Build.0 = Debug|Any CPU
		{F4000004-0000-0000-0000-000000000004}.Debug|x64.ActiveCfg = Debug|Any CPU
		{F4000004-0000-0000-0000-000000000004}.Debug|x64.Build.0 = Debug|Any CPU
		{F4000004-0000-0000-0000-000000000004}.Debug|x86.ActiveCfg = Debug|Any CPU
		{F4000004-0000-0000-0000-000000000004}.Debug|x86.Build.0 = Debug|Any CPU
		{F4000004-0000-0000-0000-000000000004}.Release|Any CPU.ActiveCfg = Release|Any CPU
		{F4000004-0000-0000-0000-000000000004}.Release|Any CPU.Build.0 = Release|Any CPU
		{F4000004-0000-0000-0000-000000000004}.Release|x64.ActiveCfg = Release|Any CPU
		{F4000004-0000-0000-0000-000000000004}.Release|x64.Build.0 = Release|Any CPU
		{F4000004-0000-0000-0000-000000000004}.Release|x86.ActiveCfg = Release|Any CPU
		{F4000004-0000-0000-0000-000000000004}.Release|x86.Build.0 = Release|Any CPU
		{C5000001-0000-0000-0000-000000000001}.Debug|Any CPU.ActiveCfg = Debug|Any CPU
		{C5000001-0000-0000-0000-000000000001}.Debug|Any CPU.Build.0 = Debug|Any CPU
		{C5000001-0000-0000-0000-000000000001}.Debug|x64.ActiveCfg = Debug|Any CPU
		{C5000001-0000-0000-0000-000000000001}.Debug|x64.Build.0 = Debug|Any CPU
		{C5000001-0000-0000-0000-000000000001}.Debug|x86.ActiveCfg = Debug|Any CPU
		{C5000001-0000-0000-0000-000000000001}.Debug|x86.Build.0 = Debug|Any CPU
		{C5000001-0000-0000-0000-000000000001}.Release|Any CPU.ActiveCfg = Release|Any CPU
		{C5000001-0000-0000-0000-000000000001}.Release|Any CPU.Build.0 = Release|Any CPU
		{C5000001-0000-0000-0000-000000000001}.Release|x64.ActiveCfg = Release|Any CPU
		{C5000001-0000-0000-0000-000000000001}.Release|x64.Build.0 = Release|Any CPU
		{C5000001-0000-0000-0000-000000000001}.Release|x86.ActiveCfg = Release|Any CPU
		{C5000001-0000-0000-0000-000000000001}.Release|x86.Build.0 = Release|Any CPU
		{C5000002-0000-0000-0000-000000000002}.Debug|Any CPU.ActiveCfg = Debug|Any CPU
		{C5000002-0000-0000-0000-000000000002}.Debug|Any CPU.Build.0 = Debug|Any CPU
		{C5000002-0000-0000-0000-000000000002}.Debug|x64.ActiveCfg = Debug|Any CPU
		{C5000002-0000-0000-0000-000000000002}.Debug|x64.Build.0 = Debug|Any CPU
		{C5000002-0000-0000-0000-000000000002}.Debug|x86.ActiveCfg = Debug|Any CPU
		{C5000002-0000-0000-0000-000000000002}.Debug|x86.Build.0 = Debug|Any CPU
		{C5000002-0000-0000-0000-000000000002}.Release|Any CPU.ActiveCfg = Release|Any CPU
		{C5000002-0000-0000-0000-000000000002}.Release|Any CPU.Build.0 = Release|Any CPU
		{C5000002-0000-0000-0000-000000000002}.Release|x64.ActiveCfg = Release|Any CPU
		{C5000002-0000-0000-0000-000000000002}.Release|x64.Build.0 = Release|Any CPU
		{C5000002-0000-0000-0000-000000000002}.Release|x86.ActiveCfg = Release|Any CPU
		{C5000002-0000-0000-0000-000000000002}.Release|x86.Build.0 = Release|Any CPU
		{EC73EB1E-DBEB-4288-90A7-F7F2232725C5}.Debug|Any CPU.ActiveCfg = Debug|Any CPU
		{EC73EB1E-DBEB-4288-90A7-F7F2232725C5}.Debug|Any CPU.Build.0 = Debug|Any CPU
		{EC73EB1E-DBEB-4288-90A7-F7F2232725C5}.Debug|x64.ActiveCfg = Debug|Any CPU
		{EC73EB1E-DBEB-4288-90A7-F7F2232725C5}.Debug|x64.Build.0 = Debug|Any CPU
		{EC73EB1E-DBEB-4288-90A7-F7F2232725C5}.Debug|x86.ActiveCfg = Debug|Any CPU
		{EC73EB1E-DBEB-4288-90A7-F7F2232725C5}.Debug|x86.Build.0 = Debug|Any CPU
		{EC73EB1E-DBEB-4288-90A7-F7F2232725C5}.Release|Any CPU.ActiveCfg = Release|Any CPU
		{EC73EB1E-DBEB-4288-90A7-F7F2232725C5}.Release|Any CPU.Build.0 = Release|Any CPU
		{EC73EB1E-DBEB-4288-90A7-F7F2232725C5}.Release|x64.ActiveCfg = Release|Any CPU
		{EC73EB1E-DBEB-4288-90A7-F7F2232725C5}.Release|x64.Build.0 = Release|Any CPU
		{EC73EB1E-DBEB-4288-90A7-F7F2232725C5}.Release|x86.ActiveCfg = Release|Any CPU
		{EC73EB1E-DBEB-4288-90A7-F7F2232725C5}.Release|x86.Build.0 = Release|Any CPU
	EndGlobalSection
	GlobalSection(SolutionProperties) = preSolution
		HideSolutionNode = FALSE
	EndGlobalSection
	GlobalSection(NestedProjects) = preSolution
		{36191A6A-0AD6-49BE-BB50-2C80B87E9E2E} = {6C4D298B-81FB-2B6B-5AB6-46205EDDC72C}
		{D28F9F8A-5AC4-44F9-9424-11712217A689} = {6C4D298B-81FB-2B6B-5AB6-46205EDDC72C}
		{DF9FF198-0B58-4C5C-8A94-C1E98CEA505D} = {6C4D298B-81FB-2B6B-5AB6-46205EDDC72C}
		{3F3D4CAD-6D7C-4585-A3F1-405C0DE945F2} = {6C4D298B-81FB-2B6B-5AB6-46205EDDC72C}
		{A3B5C7D9-E1F3-4A5B-8C7D-9E1F3A5B8C7D} = {6C4D298B-81FB-2B6B-5AB6-46205EDDC72C}
		{51EAF68E-3552-467C-B122-FA04FC0AF0E0} = {6C4D298B-81FB-2B6B-5AB6-46205EDDC72C}
		{04713F87-50E6-B26B-72B9-1D9453315D0F} = {C6707479-964D-3CA6-C06D-6FC23C6DD9A5}
		{B90B0AEF-71D1-AC40-5C0F-95F6E3F1EA57} = {04713F87-50E6-B26B-72B9-1D9453315D0F}
		{ED2AEFD3-AD60-4611-A79F-D9F97B6B305A} = {B90B0AEF-71D1-AC40-5C0F-95F6E3F1EA57}
		{6ACE014C-9B50-4D07-89F9-8FE76DF3C020} = {B90B0AEF-71D1-AC40-5C0F-95F6E3F1EA57}
		{A1F2267B-4464-4B9C-BD25-5C5572E2BC8D} = {B90B0AEF-71D1-AC40-5C0F-95F6E3F1EA57}
		{41F9674C-607E-4F9D-B426-FAFC052F067E} = {B90B0AEF-71D1-AC40-5C0F-95F6E3F1EA57}
		{5A0F0582-6655-465D-842E-C2A36B14BE89} = {B90B0AEF-71D1-AC40-5C0F-95F6E3F1EA57}
		{0FECDE51-2288-4AB8-B630-3378B28F5231} = {B90B0AEF-71D1-AC40-5C0F-95F6E3F1EA57}
		{ED254593-54C8-4DF4-8E84-BC85D62D97E7} = {B90B0AEF-71D1-AC40-5C0F-95F6E3F1EA57}
		{EBD751E3-1C6D-48A0-AB9A-821644BDBD60} = {B90B0AEF-71D1-AC40-5C0F-95F6E3F1EA57}
		{03B85F16-2E2D-413A-983A-EAAD55DF18ED} = {B90B0AEF-71D1-AC40-5C0F-95F6E3F1EA57}
		{E1F2A3B4-C5D6-7890-E1F2-A3B4C5D67890} = {B90B0AEF-71D1-AC40-5C0F-95F6E3F1EA57}
		{F3000001-0000-0000-0000-000000000001} = {B90B0AEF-71D1-AC40-5C0F-95F6E3F1EA57}
		{C5000001-0000-0000-0000-000000000001} = {B90B0AEF-71D1-AC40-5C0F-95F6E3F1EA57}
		{C5000002-0000-0000-0000-000000000002} = {B90B0AEF-71D1-AC40-5C0F-95F6E3F1EA57}
		{0F27FF2F-0616-CB31-E080-DC5F0B9AC3B6} = {C6707479-964D-3CA6-C06D-6FC23C6DD9A5}
		{D06746EB-E388-9B4B-9083-DAF3B67BDBF9} = {0F27FF2F-0616-CB31-E080-DC5F0B9AC3B6}
		{4A28E49B-FBDA-4BE8-A43C-2FEC39A42B46} = {D06746EB-E388-9B4B-9083-DAF3B67BDBF9}
		{B7D29E4F-3A51-4C8B-9E1D-6F2A5C7B8D0E} = {A9C1E3F5-7B2D-4A6C-8E0F-1B3D5E7A9C0F}
		{B2C4D6E8-F0A2-4B6C-8D0E-2F4A6B8C0D2E} = {A9C1E3F5-7B2D-4A6C-8E0F-1B3D5E7A9C0F}
		{F1E2D3C4-B5A6-7890-F1E2-D3C4B5A67890} = {A9C1E3F5-7B2D-4A6C-8E0F-1B3D5E7A9C0F}
		{C1000002-0000-0000-0000-000000000002} = {C1000001-0000-0000-0000-000000000001}
		{C1000003-0000-0000-0000-000000000003} = {C1000001-0000-0000-0000-000000000001}
		{D1E2F3A4-B5C6-7890-D1E2-F3A4B5C67890} = {F3A4B5C6-D7E8-9012-F3A4-B5C6D7E89012}
		{D2000001-0000-0000-0000-000000000001} = {F3A4B5C6-D7E8-9012-F3A4-B5C6D7E89012}
		{D3000001-0000-0000-0000-000000000001} = {F3A4B5C6-D7E8-9012-F3A4-B5C6D7E89012}
		{D4000001-0000-0000-0000-000000000001} = {F3A4B5C6-D7E8-9012-F3A4-B5C6D7E89012}
		{E2000001-0000-0000-0000-000000000001} = {C6707479-964D-3CA6-C06D-6FC23C6DD9A5}
		{E2000002-0000-0000-0000-000000000002} = {E2000001-0000-0000-0000-000000000001}
		{E2000003-0000-0000-0000-000000000003} = {E2000002-0000-0000-0000-000000000002}
		{E2000004-0000-0000-0000-000000000004} = {E2000002-0000-0000-0000-000000000002}
		{E2000005-0000-0000-0000-000000000005} = {E2000002-0000-0000-0000-000000000002}
		{E3000001-0000-0000-0000-000000000001} = {C6707479-964D-3CA6-C06D-6FC23C6DD9A5}
		{E3000002-0000-0000-0000-000000000002} = {E3000001-0000-0000-0000-000000000001}
		{E3000003-0000-0000-0000-000000000003} = {E3000002-0000-0000-0000-000000000002}
		{E3000004-0000-0000-0000-000000000004} = {E3000002-0000-0000-0000-000000000002}
		{E3000005-0000-0000-0000-000000000005} = {E3000002-0000-0000-0000-000000000002}
		{F4000001-0000-0000-0000-000000000001} = {C6707479-964D-3CA6-C06D-6FC23C6DD9A5}
		{F4000002-0000-0000-0000-000000000002} = {F4000001-0000-0000-0000-000000000001}
		{F4000003-0000-0000-0000-000000000003} = {F4000002-0000-0000-0000-000000000002}
		{F4000004-0000-0000-0000-000000000004} = {F4000002-0000-0000-0000-000000000002}
		{EC73EB1E-DBEB-4288-90A7-F7F2232725C5} = {6C4D298B-81FB-2B6B-5AB6-46205EDDC72C}
	EndGlobalSection
EndGlobal
